// !$*UTF8*$!
{
	archiveVersion = 1;
	classes = {
	};
	objectVersion = 46;
	objects = {

/* Begin PBXBuildFile section */
		37446B3C16B1A7630040C52F /* UIKit.framework in Frameworks */ = {isa = PBXBuildFile; fileRef = 37446B3B16B1A7630040C52F /* UIKit.framework */; };
		37446B3E16B1A7630040C52F /* Foundation.framework in Frameworks */ = {isa = PBXBuildFile; fileRef = 37446B3D16B1A7630040C52F /* Foundation.framework */; };
		37446B4016B1A7630040C52F /* CoreGraphics.framework in Frameworks */ = {isa = PBXBuildFile; fileRef = 37446B3F16B1A7630040C52F /* CoreGraphics.framework */; };
		37446B4C16B1A7630040C52F /* AppDelegate.m in Sources */ = {isa = PBXBuildFile; fileRef = 37446B4B16B1A7630040C52F /* AppDelegate.m */; };
		37446B4E16B1A7630040C52F /* Default.png in Resources */ = {isa = PBXBuildFile; fileRef = 37446B4D16B1A7630040C52F /* Default.png */; };
		37446B5016B1A7630040C52F /* Default@2x.png in Resources */ = {isa = PBXBuildFile; fileRef = 37446B4F16B1A7630040C52F /* Default@2x.png */; };
		37446B5216B1A7630040C52F /* Default-568h@2x.png in Resources */ = {isa = PBXBuildFile; fileRef = 37446B5116B1A7630040C52F /* Default-568h@2x.png */; };
		37446B5A16B1A7F50040C52F /* UIView+NibLoading.m in Sources */ = {isa = PBXBuildFile; fileRef = 37446B5916B1A7F50040C52F /* UIView+NibLoading.m */; };
		37446B6116B1A9AE0040C52F /* ColorsViewController.m in Sources */ = {isa = PBXBuildFile; fileRef = 37446B5F16B1A9AE0040C52F /* ColorsViewController.m */; };
		37446B6216B1A9AE0040C52F /* ColorsViewController.xib in Resources */ = {isa = PBXBuildFile; fileRef = 37446B6016B1A9AE0040C52F /* ColorsViewController.xib */; };
		37446B6516B1A9D70040C52F /* ColorView.m in Sources */ = {isa = PBXBuildFile; fileRef = 37446B6416B1A9D70040C52F /* ColorView.m */; };
		37446B6916B1AAF40040C52F /* ColorView.xib in Resources */ = {isa = PBXBuildFile; fileRef = 37446B6816B1AAF40040C52F /* ColorView.xib */; };
/* End PBXBuildFile section */

/* Begin PBXFileReference section */
		37446B3816B1A7630040C52F /* NibLoadedViewDemo.app */ = {isa = PBXFileReference; explicitFileType = wrapper.application; includeInIndex = 0; path = NibLoadedViewDemo.app; sourceTree = BUILT_PRODUCTS_DIR; };
		37446B3B16B1A7630040C52F /* UIKit.framework */ = {isa = PBXFileReference; lastKnownFileType = wrapper.framework; name = UIKit.framework; path = System/Library/Frameworks/UIKit.framework; sourceTree = SDKROOT; };
		37446B3D16B1A7630040C52F /* Foundation.framework */ = {isa = PBXFileReference; lastKnownFileType = wrapper.framework; name = Foundation.framework; path = System/Library/Frameworks/Foundation.framework; sourceTree = SDKROOT; };
		37446B3F16B1A7630040C52F /* CoreGraphics.framework */ = {isa = PBXFileReference; lastKnownFileType = wrapper.framework; name = CoreGraphics.framework; path = System/Library/Frameworks/CoreGraphics.framework; sourceTree = SDKROOT; };
		37446B4316B1A7630040C52F /* NibLoadedViewDemo-Info.plist */ = {isa = PBXFileReference; lastKnownFileType = text.plist.xml; path = "NibLoadedViewDemo-Info.plist"; sourceTree = "<group>"; };
		37446B4B16B1A7630040C52F /* AppDelegate.m */ = {isa = PBXFileReference; lastKnownFileType = sourcecode.c.objc; path = AppDelegate.m; sourceTree = "<group>"; };
		37446B4D16B1A7630040C52F /* Default.png */ = {isa = PBXFileReference; lastKnownFileType = image.png; path = Default.png; sourceTree = "<group>"; };
		37446B4F16B1A7630040C52F /* Default@2x.png */ = {isa = PBXFileReference; lastKnownFileType = image.png; path = "Default@2x.png"; sourceTree = "<group>"; };
		37446B5116B1A7630040C52F /* Default-568h@2x.png */ = {isa = PBXFileReference; lastKnownFileType = image.png; path = "Default-568h@2x.png"; sourceTree = "<group>"; };
		37446B5816B1A7F50040C52F /* UIView+NibLoading.h */ = {isa = PBXFileReference; fileEncoding = 4; lastKnownFileType = sourcecode.c.h; name = "UIView+NibLoading.h"; path = "../UIView+NibLoading.h"; sourceTree = "<group>"; };
		37446B5916B1A7F50040C52F /* UIView+NibLoading.m */ = {isa = PBXFileReference; fileEncoding = 4; lastKnownFileType = sourcecode.c.objc; name = "UIView+NibLoading.m"; path = "../UIView+NibLoading.m"; sourceTree = "<group>"; };
		37446B5E16B1A9AE0040C52F /* ColorsViewController.h */ = {isa = PBXFileReference; fileEncoding = 4; lastKnownFileType = sourcecode.c.h; path = ColorsViewController.h; sourceTree = "<group>"; };
		37446B5F16B1A9AE0040C52F /* ColorsViewController.m */ = {isa = PBXFileReference; fileEncoding = 4; lastKnownFileType = sourcecode.c.objc; path = ColorsViewController.m; sourceTree = "<group>"; };
		37446B6016B1A9AE0040C52F /* ColorsViewController.xib */ = {isa = PBXFileReference; fileEncoding = 4; lastKnownFileType = file.xib; path = ColorsViewController.xib; sourceTree = "<group>"; };
		37446B6316B1A9D70040C52F /* ColorView.h */ = {isa = PBXFileReference; fileEncoding = 4; lastKnownFileType = sourcecode.c.h; path = ColorView.h; sourceTree = "<group>"; };
		37446B6416B1A9D70040C52F /* ColorView.m */ = {isa = PBXFileReference; fileEncoding = 4; lastKnownFileType = sourcecode.c.objc; path = ColorView.m; sourceTree = "<group>"; };
		37446B6816B1AAF40040C52F /* ColorView.xib */ = {isa = PBXFileReference; fileEncoding = 4; lastKnownFileType = file.xib; path = ColorView.xib; sourceTree = "<group>"; };
		37446B6A16B27DE70040C52F /* README.md */ = {isa = PBXFileReference; fileEncoding = 4; lastKnownFileType = text; name = README.md; path = ../../README.md; sourceTree = "<group>"; };
		37446B6C16B27EAF0040C52F /* LICENSE.md */ = {isa = PBXFileReference; lastKnownFileType = text; name = LICENSE.md; path = ../../LICENSE.md; sourceTree = "<group>"; };
/* End PBXFileReference section */

/* Begin PBXFrameworksBuildPhase section */
		37446B3516B1A7630040C52F /* Frameworks */ = {
			isa = PBXFrameworksBuildPhase;
			buildActionMask = 2147483647;
			files = (
				37446B3C16B1A7630040C52F /* UIKit.framework in Frameworks */,
				37446B3E16B1A7630040C52F /* Foundation.framework in Frameworks */,
				37446B4016B1A7630040C52F /* CoreGraphics.framework in Frameworks */,
			);
			runOnlyForDeploymentPostprocessing = 0;
		};
/* End PBXFrameworksBuildPhase section */

/* Begin PBXGroup section */
		37446B2F16B1A7630040C52F = {
			isa = PBXGroup;
			children = (
				37446B6616B1A9E20040C52F /* UIView+NibLoading */,
				37446B6716B1A9E80040C52F /* Demo Code */,
				37446B4216B1A7630040C52F /* Supporting Files */,
				37446B3A16B1A7630040C52F /* Frameworks */,
				37446B3916B1A7630040C52F /* Products */,
			);
			sourceTree = "<group>";
		};
		37446B3916B1A7630040C52F /* Products */ = {
			isa = PBXGroup;
			children = (
				37446B3816B1A7630040C52F /* NibLoadedViewDemo.app */,
			);
			name = Products;
			sourceTree = "<group>";
		};
		37446B3A16B1A7630040C52F /* Frameworks */ = {
			isa = PBXGroup;
			children = (
				37446B3B16B1A7630040C52F /* UIKit.framework */,
				37446B3D16B1A7630040C52F /* Foundation.framework */,
				37446B3F16B1A7630040C52F /* CoreGraphics.framework */,
			);
			name = Frameworks;
			sourceTree = "<group>";
		};
		37446B4216B1A7630040C52F /* Supporting Files */ = {
			isa = PBXGroup;
			children = (
				37446B4B16B1A7630040C52F /* AppDelegate.m */,
				37446B4316B1A7630040C52F /* NibLoadedViewDemo-Info.plist */,
				37446B4D16B1A7630040C52F /* Default.png */,
				37446B4F16B1A7630040C52F /* Default@2x.png */,
				37446B5116B1A7630040C52F /* Default-568h@2x.png */,
				37446B6A16B27DE70040C52F /* README.md */,
				37446B6C16B27EAF0040C52F /* LICENSE.md */,
			);
			name = "Supporting Files";
			path = "Suporting Files";
			sourceTree = "<group>";
		};
		37446B6616B1A9E20040C52F /* UIView+NibLoading */ = {
			isa = PBXGroup;
			children = (
				37446B5816B1A7F50040C52F /* UIView+NibLoading.h */,
				37446B5916B1A7F50040C52F /* UIView+NibLoading.m */,
			);
			name = "UIView+NibLoading";
			sourceTree = "<group>";
		};
		37446B6716B1A9E80040C52F /* Demo Code */ = {
			isa = PBXGroup;
			children = (
				37446B6316B1A9D70040C52F /* ColorView.h */,
				37446B6416B1A9D70040C52F /* ColorView.m */,
				37446B6816B1AAF40040C52F /* ColorView.xib */,
				37446B5E16B1A9AE0040C52F /* ColorsViewController.h */,
				37446B5F16B1A9AE0040C52F /* ColorsViewController.m */,
				37446B6016B1A9AE0040C52F /* ColorsViewController.xib */,
			);
			name = "Demo Code";
			sourceTree = "<group>";
		};
/* End PBXGroup section */

/* Begin PBXNativeTarget section */
		37446B3716B1A7630040C52F /* NibLoadedViewDemo */ = {
			isa = PBXNativeTarget;
			buildConfigurationList = 37446B5516B1A7630040C52F /* Build configuration list for PBXNativeTarget "NibLoadedViewDemo" */;
			buildPhases = (
				37446B3416B1A7630040C52F /* Sources */,
				37446B3516B1A7630040C52F /* Frameworks */,
				37446B3616B1A7630040C52F /* Resources */,
			);
			buildRules = (
			);
			dependencies = (
			);
			name = NibLoadedViewDemo;
			productName = NibLoadedViewSample;
			productReference = 37446B3816B1A7630040C52F /* NibLoadedViewDemo.app */;
			productType = "com.apple.product-type.application";
		};
/* End PBXNativeTarget section */

/* Begin PBXProject section */
		37446B3016B1A7630040C52F /* Project object */ = {
			isa = PBXProject;
			attributes = {
				CLASSPREFIX = BOU;
				LastUpgradeCheck = 0460;
				ORGANIZATIONNAME = "Nicolas Bouilleaud";
			};
			buildConfigurationList = 37446B3316B1A7630040C52F /* Build configuration list for PBXProject "NibLoadedViewDemo" */;
			compatibilityVersion = "Xcode 3.2";
			developmentRegion = English;
			hasScannedForEncodings = 0;
			knownRegions = (
				en,
			);
			mainGroup = 37446B2F16B1A7630040C52F;
			productRefGroup = 37446B3916B1A7630040C52F /* Products */;
			projectDirPath = "";
			projectRoot = "";
			targets = (
				37446B3716B1A7630040C52F /* NibLoadedViewDemo */,
			);
		};
/* End PBXProject section */

/* Begin PBXResourcesBuildPhase section */
		37446B3616B1A7630040C52F /* Resources */ = {
			isa = PBXResourcesBuildPhase;
			buildActionMask = 2147483647;
			files = (
				37446B4E16B1A7630040C52F /* Default.png in Resources */,
				37446B5016B1A7630040C52F /* Default@2x.png in Resources */,
				37446B5216B1A7630040C52F /* Default-568h@2x.png in Resources */,
				37446B6216B1A9AE0040C52F /* ColorsViewController.xib in Resources */,
				37446B6916B1AAF40040C52F /* ColorView.xib in Resources */,
			);
			runOnlyForDeploymentPostprocessing = 0;
		};
/* End PBXResourcesBuildPhase section */

/* Begin PBXSourcesBuildPhase section */
		37446B3416B1A7630040C52F /* Sources */ = {
			isa = PBXSourcesBuildPhase;
			buildActionMask = 2147483647;
			files = (
				37446B4C16B1A7630040C52F /* AppDelegate.m in Sources */,
				37446B5A16B1A7F50040C52F /* UIView+NibLoading.m in Sources */,
				37446B6116B1A9AE0040C52F /* ColorsViewController.m in Sources */,
				37446B6516B1A9D70040C52F /* ColorView.m in Sources */,
			);
			runOnlyForDeploymentPostprocessing = 0;
		};
/* End PBXSourcesBuildPhase section */

/* Begin XCBuildConfiguration section */
		37446B5316B1A7630040C52F /* Debug */ = {
			isa = XCBuildConfiguration;
			buildSettings = {
				ALWAYS_SEARCH_USER_PATHS = NO;
				CLANG_CXX_LANGUAGE_STANDARD = "gnu++0x";
				CLANG_CXX_LIBRARY = "libc++";
				CLANG_ENABLE_OBJC_ARC = YES;
				CLANG_WARN_CONSTANT_CONVERSION = YES;
				CLANG_WARN_EMPTY_BODY = YES;
				CLANG_WARN_ENUM_CONVERSION = YES;
				CLANG_WARN_INT_CONVERSION = YES;
				CLANG_WARN__DUPLICATE_METHOD_MATCH = YES;
				"CODE_SIGN_IDENTITY[sdk=iphoneos*]" = "iPhone Developer";
				COPY_PHASE_STRIP = NO;
				GCC_C_LANGUAGE_STANDARD = gnu99;
				GCC_DYNAMIC_NO_PIC = NO;
				GCC_OPTIMIZATION_LEVEL = 0;
				GCC_PREPROCESSOR_DEFINITIONS = (
					"DEBUG=1",
					"$(inherited)",
				);
				GCC_SYMBOLS_PRIVATE_EXTERN = NO;
				GCC_WARN_ABOUT_RETURN_TYPE = YES;
				GCC_WARN_UNINITIALIZED_AUTOS = YES;
				GCC_WARN_UNUSED_VARIABLE = YES;
				IPHONEOS_DEPLOYMENT_TARGET = 6.1;
				ONLY_ACTIVE_ARCH = YES;
				SDKROOT = iphoneos;
			};
			name = Debug;
		};
		37446B5416B1A7630040C52F /* Release */ = {
			isa = XCBuildConfiguration;
			buildSettings = {
				ALWAYS_SEARCH_USER_PATHS = NO;
				CLANG_CXX_LANGUAGE_STANDARD = "gnu++0x";
				CLANG_CXX_LIBRARY = "libc++";
				CLANG_ENABLE_OBJC_ARC = YES;
				CLANG_WARN_CONSTANT_CONVERSION = YES;
				CLANG_WARN_EMPTY_BODY = YES;
				CLANG_WARN_ENUM_CONVERSION = YES;
				CLANG_WARN_INT_CONVERSION = YES;
				CLANG_WARN__DUPLICATE_METHOD_MATCH = YES;
				"CODE_SIGN_IDENTITY[sdk=iphoneos*]" = "iPhone Developer";
				COPY_PHASE_STRIP = YES;
				GCC_C_LANGUAGE_STANDARD = gnu99;
				GCC_WARN_ABOUT_RETURN_TYPE = YES;
				GCC_WARN_UNINITIALIZED_AUTOS = YES;
				GCC_WARN_UNUSED_VARIABLE = YES;
				IPHONEOS_DEPLOYMENT_TARGET = 6.1;
				OTHER_CFLAGS = "-DNS_BLOCK_ASSERTIONS=1";
				SDKROOT = iphoneos;
				VALIDATE_PRODUCT = YES;
			};
			name = Release;
		};
		37446B5616B1A7630040C52F /* Debug */ = {
			isa = XCBuildConfiguration;
			buildSettings = {
				INFOPLIST_FILE = "Suporting Files/NibLoadedViewDemo-Info.plist";
				PRODUCT_NAME = NibLoadedViewDemo;
				WRAPPER_EXTENSION = app;
			};
			name = Debug;
		};
		37446B5716B1A7630040C52F /* Release */ = {
			isa = XCBuildConfiguration;
			buildSettings = {
				INFOPLIST_FILE = "Suporting Files/NibLoadedViewDemo-Info.plist";
				PRODUCT_NAME = NibLoadedViewDemo;
				WRAPPER_EXTENSION = app;
			};
			name = Release;
		};
/* End XCBuildConfiguration section */

/* Begin XCConfigurationList section */
		37446B3316B1A7630040C52F /* Build configuration list for PBXProject "NibLoadedViewDemo" */ = {
			isa = XCConfigurationList;
			buildConfigurations = (
				37446B5316B1A7630040C52F /* Debug */,
				37446B5416B1A7630040C52F /* Release */,
			);
			defaultConfigurationIsVisible = 0;
			defaultConfigurationName = Release;
		};
		37446B5516B1A7630040C52F /* Build configuration list for PBXNativeTarget "NibLoadedViewDemo" */ = {
			isa = XCConfigurationList;
			buildConfigurations = (
				37446B5616B1A7630040C52F /* Debug */,
				37446B5716B1A7630040C52F /* Release */,
			);
			defaultConfigurationIsVisible = 0;
			defaultConfigurationName = Release;
		};
/* End XCConfigurationList section */
	};
	rootObject = 37446B3016B1A7630040C52F /* Project object */;
}
